
Microsoft Visual Studio Solution File, Format Version 12.00
# Visual Studio Version 17
VisualStudioVersion = 17.3.32929.385
MinimumVisualStudioVersion = 10.0.40219.1
Project("{2150E333-8FDC-42A3-9474-1A3956D46DE8}") = "src", "src", "{2CF73584-8053-4A88-B87F-6A4FA93BC55E}"
EndProject
Project("{2150E333-8FDC-42A3-9474-1A3956D46DE8}") = "services", "services", "{1C52F433-7EFE-42ED-BB7C-76294B9D7902}"
EndProject
Project("{2150E333-8FDC-42A3-9474-1A3956D46DE8}") = "web", "web", "{28C024E5-CC0B-4F5C-8E3A-431FA8F75604}"
EndProject
Project("{9A19103F-16F7-4668-BE54-9A1E7A4F7556}") = "EventCatalogAPI", "EventCatalogAPI\EventCatalogAPI.csproj", "{4A0727CE-2100-4265-9AC8-C70DB8422545}"
EndProject
Project("{E53339B2-1760-4266-BCC7-CA923CBCF16C}") = "docker-compose", "docker-compose.dcproj", "{5F26EC62-1C3A-4FDE-9DD9-964DA150EE3F}"
EndProject
Project("{9A19103F-16F7-4668-BE54-9A1E7A4F7556}") = "WebMvc", "WebMvc\WebMvc.csproj", "{E382ADB5-B53C-47E1-826D-346643B2DF15}"
EndProject
Project("{9A19103F-16F7-4668-BE54-9A1E7A4F7556}") = "TokenServiceAPI", "TokenServiceAPI\TokenServiceAPI.csproj", "{4E7D95ED-8AC7-4F97-89B0-7E74595B83D1}"
EndProject
Project("{9A19103F-16F7-4668-BE54-9A1E7A4F7556}") = "CartApi", "CartApi\CartApi.csproj", "{00574ABC-2C4C-4BD7-910D-0DBFBCE1F05F}"
EndProject
Project("{FAE04EC0-301F-11D3-BF4B-00C04F79EFBC}") = "OrderAPI", "OrderAPI\OrderAPI.csproj", "{574C6418-253F-48C7-8926-AD7CF97261C2}"
EndProject
Global
	GlobalSection(SolutionConfigurationPlatforms) = preSolution
		Debug|Any CPU = Debug|Any CPU
		Release|Any CPU = Release|Any CPU
	EndGlobalSection
	GlobalSection(ProjectConfigurationPlatforms) = postSolution
		{4A0727CE-2100-4265-9AC8-C70DB8422545}.Debug|Any CPU.ActiveCfg = Debug|Any CPU
		{4A0727CE-2100-4265-9AC8-C70DB8422545}.Debug|Any CPU.Build.0 = Debug|Any CPU
		{4A0727CE-2100-4265-9AC8-C70DB8422545}.Release|Any CPU.ActiveCfg = Release|Any CPU
		{4A0727CE-2100-4265-9AC8-C70DB8422545}.Release|Any CPU.Build.0 = Release|Any CPU
		{5F26EC62-1C3A-4FDE-9DD9-964DA150EE3F}.Debug|Any CPU.ActiveCfg = Debug|Any CPU
		{5F26EC62-1C3A-4FDE-9DD9-964DA150EE3F}.Debug|Any CPU.Build.0 = Debug|Any CPU
		{5F26EC62-1C3A-4FDE-9DD9-964DA150EE3F}.Release|Any CPU.ActiveCfg = Release|Any CPU
		{5F26EC62-1C3A-4FDE-9DD9-964DA150EE3F}.Release|Any CPU.Build.0 = Release|Any CPU
		{E382ADB5-B53C-47E1-826D-346643B2DF15}.Debug|Any CPU.ActiveCfg = Debug|Any CPU
		{E382ADB5-B53C-47E1-826D-346643B2DF15}.Debug|Any CPU.Build.0 = Debug|Any CPU
		{E382ADB5-B53C-47E1-826D-346643B2DF15}.Release|Any CPU.ActiveCfg = Release|Any CPU
		{E382ADB5-B53C-47E1-826D-346643B2DF15}.Release|Any CPU.Build.0 = Release|Any CPU
		{4E7D95ED-8AC7-4F97-89B0-7E74595B83D1}.Debug|Any CPU.ActiveCfg = Debug|Any CPU
		{4E7D95ED-8AC7-4F97-89B0-7E74595B83D1}.Debug|Any CPU.Build.0 = Debug|Any CPU
		{4E7D95ED-8AC7-4F97-89B0-7E74595B83D1}.Release|Any CPU.ActiveCfg = Release|Any CPU
		{4E7D95ED-8AC7-4F97-89B0-7E74595B83D1}.Release|Any CPU.Build.0 = Release|Any CPU
		{00574ABC-2C4C-4BD7-910D-0DBFBCE1F05F}.Debug|Any CPU.ActiveCfg = Debug|Any CPU
		{00574ABC-2C4C-4BD7-910D-0DBFBCE1F05F}.Debug|Any CPU.Build.0 = Debug|Any CPU
		{00574ABC-2C4C-4BD7-910D-0DBFBCE1F05F}.Release|Any CPU.ActiveCfg = Release|Any CPU
		{00574ABC-2C4C-4BD7-910D-0DBFBCE1F05F}.Release|Any CPU.Build.0 = Release|Any CPU
		{574C6418-253F-48C7-8926-AD7CF97261C2}.Debug|Any CPU.ActiveCfg = Debug|Any CPU
		{574C6418-253F-48C7-8926-AD7CF97261C2}.Debug|Any CPU.Build.0 = Debug|Any CPU
		{574C6418-253F-48C7-8926-AD7CF97261C2}.Release|Any CPU.ActiveCfg = Release|Any CPU
		{574C6418-253F-48C7-8926-AD7CF97261C2}.Release|Any CPU.Build.0 = Release|Any CPU
	EndGlobalSection
	GlobalSection(SolutionProperties) = preSolution
		HideSolutionNode = FALSE
	EndGlobalSection
	GlobalSection(NestedProjects) = preSolution
		{1C52F433-7EFE-42ED-BB7C-76294B9D7902} = {2CF73584-8053-4A88-B87F-6A4FA93BC55E}
		{28C024E5-CC0B-4F5C-8E3A-431FA8F75604} = {2CF73584-8053-4A88-B87F-6A4FA93BC55E}
		{4A0727CE-2100-4265-9AC8-C70DB8422545} = {1C52F433-7EFE-42ED-BB7C-76294B9D7902}
		{E382ADB5-B53C-47E1-826D-346643B2DF15} = {28C024E5-CC0B-4F5C-8E3A-431FA8F75604}
		{4E7D95ED-8AC7-4F97-89B0-7E74595B83D1} = {1C52F433-7EFE-42ED-BB7C-76294B9D7902}
		{00574ABC-2C4C-4BD7-910D-0DBFBCE1F05F} = {1C52F433-7EFE-42ED-BB7C-76294B9D7902}
		{574C6418-253F-48C7-8926-AD7CF97261C2} = {1C52F433-7EFE-42ED-BB7C-76294B9D7902}
	EndGlobalSection
	GlobalSection(ExtensibilityGlobals) = postSolution
		SolutionGuid = {B97C0261-574B-4892-A84E-F20946920D5D}
	EndGlobalSection
EndGlobal
